
Microsoft Visual Studio Solution File, Format Version 12.00
# Visual Studio 15
VisualStudioVersion = 15.0.28010.2046
MinimumVisualStudioVersion = 10.0.40219.1
Project("{FAE04EC0-301F-11D3-BF4B-00C04F79EFBC}") = "Bank2ver", "Bank2ver\Bank2ver.csproj", "{0E1D6784-B6F6-4A11-9280-717795B6D787}"
EndProject
Global
	GlobalSection(SolutionConfigurationPlatforms) = preSolution
		Debug|Any CPU = Debug|Any CPU
		Release|Any CPU = Release|Any CPU
	EndGlobalSection
	GlobalSection(ProjectConfigurationPlatforms) = postSolution
		{0E1D6784-B6F6-4A11-9280-717795B6D787}.Debug|Any CPU.ActiveCfg = Debug|Any CPU
		{0E1D6784-B6F6-4A11-9280-717795B6D787}.Debug|Any CPU.Build.0 = Debug|Any CPU
		{0E1D6784-B6F6-4A11-9280-717795B6D787}.Release|Any CPU.ActiveCfg = Release|Any CPU
		{0E1D6784-B6F6-4A11-9280-717795B6D787}.Release|Any CPU.Build.0 = Release|Any CPU
	EndGlobalSection
	GlobalSection(SolutionProperties) = preSolution
		HideSolutionNode = FALSE
	EndGlobalSection
	GlobalSection(ExtensibilityGlobals) = postSolution
		SolutionGuid = {EE3F716D-C9BF-42A8-AF63-29BAC9708E81}
	EndGlobalSection
EndGlobal
